
Microsoft Visual Studio Solution File, Format Version 12.00
# Visual Studio Version 17
VisualStudioVersion = 17.6.33815.320
MinimumVisualStudioVersion = 10.0.40219.1
Project("{FAE04EC0-301F-11D3-BF4B-00C04F79EFBC}") = "Armament", "Armament.csproj", "{4A032B9D-8F89-4723-9EBF-25450338A136}"
EndProject
Global
	GlobalSection(SolutionConfigurationPlatforms) = preSolution
		Debug|Any CPU = Debug|Any CPU
		Release|Any CPU = Release|Any CPU
	EndGlobalSection
	GlobalSection(ProjectConfigurationPlatforms) = postSolution
		{4A032B9D-8F89-4723-9EBF-25450338A136}.Debug|Any CPU.ActiveCfg = Debug|Any CPU
		{4A032B9D-8F89-4723-9EBF-25450338A136}.Debug|Any CPU.Build.0 = Debug|Any CPU
		{4A032B9D-8F89-4723-9EBF-25450338A136}.Release|Any CPU.ActiveCfg = Release|Any CPU
		{4A032B9D-8F89-4723-9EBF-25450338A136}.Release|Any CPU.Build.0 = Release|Any CPU
	EndGlobalSection
	GlobalSection(SolutionProperties) = preSolution
		HideSolutionNode = FALSE
	EndGlobalSection
	GlobalSection(ExtensibilityGlobals) = postSolution
		SolutionGuid = {D3112DE9-FC5E-4DDF-8234-DE9EDFFF1518}
	EndGlobalSection
EndGlobal
